
Microsoft Visual Studio Solution File, Format Version 12.00
# Visual Studio 15
VisualStudioVersion = 15.0.26430.6
MinimumVisualStudioVersion = 10.0.40219.1
Project("{2150E333-8FDC-42A3-9474-1A3956D46DE8}") = "src", "src", "{BABDC280-DA7D-4354-8713-B3954EAD4D5D}"
EndProject
Project("{2150E333-8FDC-42A3-9474-1A3956D46DE8}") = "test", "test", "{2D98E5EC-B005-4A40-AB87-93E097D63857}"
EndProject
Project("{FAE04EC0-301F-11D3-BF4B-00C04F79EFBC}") = "RabbitCloud.Rpc.Abstractions", "src\rpc\RabbitCloud.Rpc.Abstractions\RabbitCloud.Rpc.Abstractions.csproj", "{8E41EA10-FCA8-48E1-A3F3-6635925CFDD3}"
EndProject
Project("{2150E333-8FDC-42A3-9474-1A3956D46DE8}") = "rpc", "rpc", "{148C8C2B-FDD8-40AD-B5E0-AB727F92A7C1}"
EndProject
Project("{2150E333-8FDC-42A3-9474-1A3956D46DE8}") = "registry", "registry", "{CC0DB431-526E-4D65-83D3-721F3240ED0C}"
EndProject
Project("{FAE04EC0-301F-11D3-BF4B-00C04F79EFBC}") = "RabbitCloud.Registry.Abstractions", "src\registry\RabbitCloud.Registry.Abstractions\RabbitCloud.Registry.Abstractions.csproj", "{8D6D10E1-D1AE-4AA8-B00A-5AA62BC33D86}"
EndProject
Project("{FAE04EC0-301F-11D3-BF4B-00C04F79EFBC}") = "RabbitCloud.Abstractions", "src\RabbitCloud.Abstractions\RabbitCloud.Abstractions.csproj", "{1957A14C-138C-4971-AB81-70D6C6B158B1}"
EndProject
Project("{2150E333-8FDC-42A3-9474-1A3956D46DE8}") = "example", "example", "{C0AF26FF-8118-407A-A812-42EF74B82AC3}"
EndProject
Project("{FAE04EC0-301F-11D3-BF4B-00C04F79EFBC}") = "ConsoleApp", "example\ConsoleApp\ConsoleApp.csproj", "{1040CF12-DD18-4AEC-B5BA-9D3A1D13C8BC}"
EndProject
Project("{2150E333-8FDC-42A3-9474-1A3956D46DE8}") = "formatters", "formatters", "{15610334-E598-4561-AC8B-EBEB28BE3B88}"
EndProject
Project("{9A19103F-16F7-4668-BE54-9A1E7A4F7556}") = "RabbitCloud.Rpc.Formatters.Json", "src\rpc\formatters\RabbitCloud.Rpc.Formatters.Json\RabbitCloud.Rpc.Formatters.Json.csproj", "{961B66AC-8847-4314-A8EF-3A49BDDD70E1}"
EndProject
Project("{9A19103F-16F7-4668-BE54-9A1E7A4F7556}") = "RabbitCloud.Rpc.NetMQ", "src\rpc\RabbitCloud.Rpc.NetMQ\RabbitCloud.Rpc.NetMQ.csproj", "{4B197BEE-EBCB-4D9E-91C0-AA15EC6E89B9}"
EndProject
Project("{9A19103F-16F7-4668-BE54-9A1E7A4F7556}") = "RabbitCloud.Rpc", "src\rpc\RabbitCloud.Rpc\RabbitCloud.Rpc.csproj", "{7F902807-EDD6-40D3-ABA2-03ACFD2ADAC5}"
EndProject
Project("{9A19103F-16F7-4668-BE54-9A1E7A4F7556}") = "RabbitCloud.Abstractions.Test", "test\RabbitCloud.Abstractions.Test\RabbitCloud.Abstractions.Test.csproj", "{8A970197-A933-43D1-9E7F-817CB9DF8D02}"
EndProject
Project("{9A19103F-16F7-4668-BE54-9A1E7A4F7556}") = "RabbitCloud.Rpc.Formatters.Json.Test", "test\RabbitCloud.Rpc.Formatters.Json.Test\RabbitCloud.Rpc.Formatters.Json.Test.csproj", "{E6CC8C54-D83C-4392-AC4D-173441371DB7}"
EndProject
Project("{9A19103F-16F7-4668-BE54-9A1E7A4F7556}") = "RabbitCloud.Rpc.Test", "test\RabbitCloud.Rpc.Test\RabbitCloud.Rpc.Test.csproj", "{9D875586-98C5-477F-8896-07D41EA6F735}"
EndProject
Project("{9A19103F-16F7-4668-BE54-9A1E7A4F7556}") = "RabbitCloud.Registry.Consul", "src\registry\RabbitCloud.Registry.Consul\RabbitCloud.Registry.Consul.csproj", "{55454287-CCEF-4D34-B9B4-95026D346070}"
EndProject
Project("{2150E333-8FDC-42A3-9474-1A3956D46DE8}") = "config", "config", "{0F2946AF-140D-4C56-88A9-119480C6A717}"
EndProject
Project("{FAE04EC0-301F-11D3-BF4B-00C04F79EFBC}") = "RabbitCloud.Config.Abstractions", "src\config\RabbitCloud.Config.Abstractions\RabbitCloud.Config.Abstractions.csproj", "{20E7A0BD-865A-4C06-9DAD-D8A647082819}"
EndProject
Project("{9A19103F-16F7-4668-BE54-9A1E7A4F7556}") = "RabbitCloud.Config", "src\config\RabbitCloud.Config\RabbitCloud.Config.csproj", "{00A36456-BE7C-4685-BC52-51FA9C04B09E}"
EndProject
Global
	GlobalSection(SolutionConfigurationPlatforms) = preSolution
		Debug|Any CPU = Debug|Any CPU
		Release|Any CPU = Release|Any CPU
	EndGlobalSection
	GlobalSection(ProjectConfigurationPlatforms) = postSolution
		{8E41EA10-FCA8-48E1-A3F3-6635925CFDD3}.Debug|Any CPU.ActiveCfg = Debug|Any CPU
		{8E41EA10-FCA8-48E1-A3F3-6635925CFDD3}.Debug|Any CPU.Build.0 = Debug|Any CPU
		{8E41EA10-FCA8-48E1-A3F3-6635925CFDD3}.Release|Any CPU.ActiveCfg = Release|Any CPU
		{8E41EA10-FCA8-48E1-A3F3-6635925CFDD3}.Release|Any CPU.Build.0 = Release|Any CPU
		{8D6D10E1-D1AE-4AA8-B00A-5AA62BC33D86}.Debug|Any CPU.ActiveCfg = Debug|Any CPU
		{8D6D10E1-D1AE-4AA8-B00A-5AA62BC33D86}.Debug|Any CPU.Build.0 = Debug|Any CPU
		{8D6D10E1-D1AE-4AA8-B00A-5AA62BC33D86}.Release|Any CPU.ActiveCfg = Release|Any CPU
		{8D6D10E1-D1AE-4AA8-B00A-5AA62BC33D86}.Release|Any CPU.Build.0 = Release|Any CPU
		{1957A14C-138C-4971-AB81-70D6C6B158B1}.Debug|Any CPU.ActiveCfg = Debug|Any CPU
		{1957A14C-138C-4971-AB81-70D6C6B158B1}.Debug|Any CPU.Build.0 = Debug|Any CPU
		{1957A14C-138C-4971-AB81-70D6C6B158B1}.Release|Any CPU.ActiveCfg = Release|Any CPU
		{1957A14C-138C-4971-AB81-70D6C6B158B1}.Release|Any CPU.Build.0 = Release|Any CPU
		{1040CF12-DD18-4AEC-B5BA-9D3A1D13C8BC}.Debug|Any CPU.ActiveCfg = Debug|Any CPU
		{1040CF12-DD18-4AEC-B5BA-9D3A1D13C8BC}.Debug|Any CPU.Build.0 = Debug|Any CPU
		{1040CF12-DD18-4AEC-B5BA-9D3A1D13C8BC}.Release|Any CPU.ActiveCfg = Release|Any CPU
		{1040CF12-DD18-4AEC-B5BA-9D3A1D13C8BC}.Release|Any CPU.Build.0 = Release|Any CPU
		{961B66AC-8847-4314-A8EF-3A49BDDD70E1}.Debug|Any CPU.ActiveCfg = Debug|Any CPU
		{961B66AC-8847-4314-A8EF-3A49BDDD70E1}.Debug|Any CPU.Build.0 = Debug|Any CPU
		{961B66AC-8847-4314-A8EF-3A49BDDD70E1}.Release|Any CPU.ActiveCfg = Release|Any CPU
		{961B66AC-8847-4314-A8EF-3A49BDDD70E1}.Release|Any CPU.Build.0 = Release|Any CPU
		{4B197BEE-EBCB-4D9E-91C0-AA15EC6E89B9}.Debug|Any CPU.ActiveCfg = Debug|Any CPU
		{4B197BEE-EBCB-4D9E-91C0-AA15EC6E89B9}.Debug|Any CPU.Build.0 = Debug|Any CPU
		{4B197BEE-EBCB-4D9E-91C0-AA15EC6E89B9}.Release|Any CPU.ActiveCfg = Release|Any CPU
		{4B197BEE-EBCB-4D9E-91C0-AA15EC6E89B9}.Release|Any CPU.Build.0 = Release|Any CPU
		{7F902807-EDD6-40D3-ABA2-03ACFD2ADAC5}.Debug|Any CPU.ActiveCfg = Debug|Any CPU
		{7F902807-EDD6-40D3-ABA2-03ACFD2ADAC5}.Debug|Any CPU.Build.0 = Debug|Any CPU
		{7F902807-EDD6-40D3-ABA2-03ACFD2ADAC5}.Release|Any CPU.ActiveCfg = Release|Any CPU
		{7F902807-EDD6-40D3-ABA2-03ACFD2ADAC5}.Release|Any CPU.Build.0 = Release|Any CPU
		{8A970197-A933-43D1-9E7F-817CB9DF8D02}.Debug|Any CPU.ActiveCfg = Debug|Any CPU
		{8A970197-A933-43D1-9E7F-817CB9DF8D02}.Debug|Any CPU.Build.0 = Debug|Any CPU
		{8A970197-A933-43D1-9E7F-817CB9DF8D02}.Release|Any CPU.ActiveCfg = Release|Any CPU
		{8A970197-A933-43D1-9E7F-817CB9DF8D02}.Release|Any CPU.Build.0 = Release|Any CPU
		{E6CC8C54-D83C-4392-AC4D-173441371DB7}.Debug|Any CPU.ActiveCfg = Debug|Any CPU
		{E6CC8C54-D83C-4392-AC4D-173441371DB7}.Debug|Any CPU.Build.0 = Debug|Any CPU
		{E6CC8C54-D83C-4392-AC4D-173441371DB7}.Release|Any CPU.ActiveCfg = Release|Any CPU
		{E6CC8C54-D83C-4392-AC4D-173441371DB7}.Release|Any CPU.Build.0 = Release|Any CPU
		{9D875586-98C5-477F-8896-07D41EA6F735}.Debug|Any CPU.ActiveCfg = Debug|Any CPU
		{9D875586-98C5-477F-8896-07D41EA6F735}.Debug|Any CPU.Build.0 = Debug|Any CPU
		{9D875586-98C5-477F-8896-07D41EA6F735}.Release|Any CPU.ActiveCfg = Release|Any CPU
		{9D875586-98C5-477F-8896-07D41EA6F735}.Release|Any CPU.Build.0 = Release|Any CPU
		{55454287-CCEF-4D34-B9B4-95026D346070}.Debug|Any CPU.ActiveCfg = Debug|Any CPU
		{55454287-CCEF-4D34-B9B4-95026D346070}.Debug|Any CPU.Build.0 = Debug|Any CPU
		{55454287-CCEF-4D34-B9B4-95026D346070}.Release|Any CPU.ActiveCfg = Release|Any CPU
		{55454287-CCEF-4D34-B9B4-95026D346070}.Release|Any CPU.Build.0 = Release|Any CPU
		{20E7A0BD-865A-4C06-9DAD-D8A647082819}.Debug|Any CPU.ActiveCfg = Debug|Any CPU
		{20E7A0BD-865A-4C06-9DAD-D8A647082819}.Debug|Any CPU.Build.0 = Debug|Any CPU
		{20E7A0BD-865A-4C06-9DAD-D8A647082819}.Release|Any CPU.ActiveCfg = Release|Any CPU
		{20E7A0BD-865A-4C06-9DAD-D8A647082819}.Release|Any CPU.Build.0 = Release|Any CPU
		{00A36456-BE7C-4685-BC52-51FA9C04B09E}.Debug|Any CPU.ActiveCfg = Debug|Any CPU
		{00A36456-BE7C-4685-BC52-51FA9C04B09E}.Debug|Any CPU.Build.0 = Debug|Any CPU
		{00A36456-BE7C-4685-BC52-51FA9C04B09E}.Release|Any CPU.ActiveCfg = Release|Any CPU
		{00A36456-BE7C-4685-BC52-51FA9C04B09E}.Release|Any CPU.Build.0 = Release|Any CPU
	EndGlobalSection
	GlobalSection(SolutionProperties) = preSolution
		HideSolutionNode = FALSE
	EndGlobalSection
	GlobalSection(NestedProjects) = preSolution
		{8E41EA10-FCA8-48E1-A3F3-6635925CFDD3} = {148C8C2B-FDD8-40AD-B5E0-AB727F92A7C1}
		{148C8C2B-FDD8-40AD-B5E0-AB727F92A7C1} = {BABDC280-DA7D-4354-8713-B3954EAD4D5D}
		{CC0DB431-526E-4D65-83D3-721F3240ED0C} = {BABDC280-DA7D-4354-8713-B3954EAD4D5D}
		{8D6D10E1-D1AE-4AA8-B00A-5AA62BC33D86} = {CC0DB431-526E-4D65-83D3-721F3240ED0C}
		{1957A14C-138C-4971-AB81-70D6C6B158B1} = {BABDC280-DA7D-4354-8713-B3954EAD4D5D}
		{1040CF12-DD18-4AEC-B5BA-9D3A1D13C8BC} = {C0AF26FF-8118-407A-A812-42EF74B82AC3}
		{15610334-E598-4561-AC8B-EBEB28BE3B88} = {148C8C2B-FDD8-40AD-B5E0-AB727F92A7C1}
		{961B66AC-8847-4314-A8EF-3A49BDDD70E1} = {15610334-E598-4561-AC8B-EBEB28BE3B88}
		{4B197BEE-EBCB-4D9E-91C0-AA15EC6E89B9} = {148C8C2B-FDD8-40AD-B5E0-AB727F92A7C1}
		{7F902807-EDD6-40D3-ABA2-03ACFD2ADAC5} = {148C8C2B-FDD8-40AD-B5E0-AB727F92A7C1}
		{8A970197-A933-43D1-9E7F-817CB9DF8D02} = {2D98E5EC-B005-4A40-AB87-93E097D63857}
		{E6CC8C54-D83C-4392-AC4D-173441371DB7} = {2D98E5EC-B005-4A40-AB87-93E097D63857}
		{9D875586-98C5-477F-8896-07D41EA6F735} = {2D98E5EC-B005-4A40-AB87-93E097D63857}
		{55454287-CCEF-4D34-B9B4-95026D346070} = {CC0DB431-526E-4D65-83D3-721F3240ED0C}
		{0F2946AF-140D-4C56-88A9-119480C6A717} = {BABDC280-DA7D-4354-8713-B3954EAD4D5D}
		{20E7A0BD-865A-4C06-9DAD-D8A647082819} = {0F2946AF-140D-4C56-88A9-119480C6A717}
		{00A36456-BE7C-4685-BC52-51FA9C04B09E} = {0F2946AF-140D-4C56-88A9-119480C6A717}
	EndGlobalSection
EndGlobal
