
Microsoft Visual Studio Solution File, Format Version 12.00
# Visual Studio 15
VisualStudioVersion = 15.0.27004.2006
MinimumVisualStudioVersion = 10.0.40219.1
Project("{2150E333-8FDC-42A3-9474-1A3956D46DE8}") = "src", "src", "{850A43C4-8B62-4732-95F9-A769981A59E5}"
EndProject
Project("{2150E333-8FDC-42A3-9474-1A3956D46DE8}") = "samples", "samples", "{B1A5920A-2C4F-4CA3-A2A2-052DB3387D1E}"
EndProject
Project("{9A19103F-16F7-4668-BE54-9A1E7A4F7556}") = "RC.Discovery.Abstractions", "src\RC.Discovery.Abstractions\RC.Discovery.Abstractions.csproj", "{1A4BE30C-802F-4AB9-B75C-9B2354120A8F}"
EndProject
Project("{9A19103F-16F7-4668-BE54-9A1E7A4F7556}") = "ConsoleApp", "samples\ConsoleApp\ConsoleApp.csproj", "{5A4C5ADC-13EA-43C4-9224-D5E3E41B67C3}"
EndProject
Project("{9A19103F-16F7-4668-BE54-9A1E7A4F7556}") = "RC.Abstractions", "src\RC.Abstractions\RC.Abstractions.csproj", "{66DE5CE8-3953-47E7-9FEE-8CD475601E21}"
EndProject
Project("{2150E333-8FDC-42A3-9474-1A3956D46DE8}") = "test", "test", "{A143749E-EB55-408E-A5FE-B4B48B5C99C4}"
EndProject
Project("{2150E333-8FDC-42A3-9474-1A3956D46DE8}") = "Solution Items", "Solution Items", "{2919D026-665D-43BC-95E3-F033405202A4}"
	ProjectSection(SolutionItems) = preProject
		build\common.props = build\common.props
		build\version.props = build\version.props
	EndProjectSection
EndProject
Project("{9A19103F-16F7-4668-BE54-9A1E7A4F7556}") = "RC", "src\RC\RC.csproj", "{97AF2FDC-2B33-4C62-905A-54E517D73F04}"
EndProject
Project("{9A19103F-16F7-4668-BE54-9A1E7A4F7556}") = "RC.Client", "src\RC.Client\RC.Client.csproj", "{5838E454-E29F-4F2F-81FF-DF6B3B186607}"
EndProject
Project("{9A19103F-16F7-4668-BE54-9A1E7A4F7556}") = "RC.Client.Abstractions", "src\RC.Client.Abstractions\RC.Client.Abstractions.csproj", "{1FB84FEE-7AEC-49CB-A0EB-5E05ACB2918A}"
EndProject
Project("{9A19103F-16F7-4668-BE54-9A1E7A4F7556}") = "RC.Client.Features", "src\RC.Client.Features\RC.Client.Features.csproj", "{EF662A76-DCA9-43AE-A0A4-5466634045C4}"
EndProject
Project("{2150E333-8FDC-42A3-9474-1A3956D46DE8}") = "client", "client", "{8BCEFBEF-2CD7-495D-8752-C52AEA8C7434}"
EndProject
Project("{9A19103F-16F7-4668-BE54-9A1E7A4F7556}") = "RC.Discovery.Consul", "src\RC.Discovery.Consul\RC.Discovery.Consul.csproj", "{F877DE45-8230-4B9D-A52F-A8CC6120C6C4}"
EndProject
Project("{9A19103F-16F7-4668-BE54-9A1E7A4F7556}") = "RC.Client.Grpc", "src\RC.Client.Grpc\RC.Client.Grpc.csproj", "{435CA102-448E-4FC0-9345-2DA3AFB59F00}"
EndProject
Project("{2150E333-8FDC-42A3-9474-1A3956D46DE8}") = "grpc", "grpc", "{90DE1B67-4552-4D3C-9A18-DC2A20A9DE1D}"
EndProject
Project("{9A19103F-16F7-4668-BE54-9A1E7A4F7556}") = "RC.Grpc.Abstractions", "src\RC.Grpc.Abstractions\RC.Grpc.Abstractions.csproj", "{13B4AEB5-CC58-483D-83FC-86016D8EDB84}"
EndProject
Project("{9A19103F-16F7-4668-BE54-9A1E7A4F7556}") = "RC.Grpc.Server", "src\RC.Grpc.Server\RC.Grpc.Server.csproj", "{4D36F1CA-6476-4347-B355-03BCBC2F8F00}"
EndProject
Project("{9A19103F-16F7-4668-BE54-9A1E7A4F7556}") = "RC.Grpc.Client", "src\RC.Grpc.Client\RC.Grpc.Client.csproj", "{B2B164B1-B824-408F-8A14-FB249906AA06}"
EndProject
Project("{9A19103F-16F7-4668-BE54-9A1E7A4F7556}") = "RC.Discovery.Memory", "src\RC.Discovery.Memory\RC.Discovery.Memory.csproj", "{4AAD1F8B-9E82-4BDB-97F0-84265054676E}"
EndProject
Project("{9A19103F-16F7-4668-BE54-9A1E7A4F7556}") = "RC.Client.LoadBalance", "src\RC.Client.LoadBalance\RC.Client.LoadBalance.csproj", "{8C927510-25B6-4AA1-8481-337B2F061FE9}"
EndProject
Project("{2150E333-8FDC-42A3-9474-1A3956D46DE8}") = "discovery", "discovery", "{9907A079-3A91-42AE-8798-695B10148989}"
EndProject
Project("{9A19103F-16F7-4668-BE54-9A1E7A4F7556}") = "RC.Client.Proxy", "src\RC.Client.Proxy\RC.Client.Proxy.csproj", "{D2F34C09-58ED-403E-9C6D-BC0A69FAFF55}"
EndProject
Project("{9A19103F-16F7-4668-BE54-9A1E7A4F7556}") = "RC.Client.Grpc.Proxy", "src\RC.Client.Grpc.Proxy\RC.Client.Grpc.Proxy.csproj", "{8881EA45-0309-4F8B-AA42-08BBFD7A35A0}"
EndProject
Project("{9A19103F-16F7-4668-BE54-9A1E7A4F7556}") = "RC.Client.Breaker", "src\RC.Client.Breaker\RC.Client.Breaker.csproj", "{82847FB9-2EC5-40CE-B643-27B75BDA66A4}"
EndProject
Global
	GlobalSection(SolutionConfigurationPlatforms) = preSolution
		Debug|Any CPU = Debug|Any CPU
		Release|Any CPU = Release|Any CPU
	EndGlobalSection
	GlobalSection(ProjectConfigurationPlatforms) = postSolution
		{1A4BE30C-802F-4AB9-B75C-9B2354120A8F}.Debug|Any CPU.ActiveCfg = Debug|Any CPU
		{1A4BE30C-802F-4AB9-B75C-9B2354120A8F}.Debug|Any CPU.Build.0 = Debug|Any CPU
		{1A4BE30C-802F-4AB9-B75C-9B2354120A8F}.Release|Any CPU.ActiveCfg = Release|Any CPU
		{1A4BE30C-802F-4AB9-B75C-9B2354120A8F}.Release|Any CPU.Build.0 = Release|Any CPU
		{5A4C5ADC-13EA-43C4-9224-D5E3E41B67C3}.Debug|Any CPU.ActiveCfg = Debug|Any CPU
		{5A4C5ADC-13EA-43C4-9224-D5E3E41B67C3}.Debug|Any CPU.Build.0 = Debug|Any CPU
		{5A4C5ADC-13EA-43C4-9224-D5E3E41B67C3}.Release|Any CPU.ActiveCfg = Release|Any CPU
		{5A4C5ADC-13EA-43C4-9224-D5E3E41B67C3}.Release|Any CPU.Build.0 = Release|Any CPU
		{66DE5CE8-3953-47E7-9FEE-8CD475601E21}.Debug|Any CPU.ActiveCfg = Debug|Any CPU
		{66DE5CE8-3953-47E7-9FEE-8CD475601E21}.Debug|Any CPU.Build.0 = Debug|Any CPU
		{66DE5CE8-3953-47E7-9FEE-8CD475601E21}.Release|Any CPU.ActiveCfg = Release|Any CPU
		{66DE5CE8-3953-47E7-9FEE-8CD475601E21}.Release|Any CPU.Build.0 = Release|Any CPU
		{97AF2FDC-2B33-4C62-905A-54E517D73F04}.Debug|Any CPU.ActiveCfg = Debug|Any CPU
		{97AF2FDC-2B33-4C62-905A-54E517D73F04}.Debug|Any CPU.Build.0 = Debug|Any CPU
		{97AF2FDC-2B33-4C62-905A-54E517D73F04}.Release|Any CPU.ActiveCfg = Release|Any CPU
		{97AF2FDC-2B33-4C62-905A-54E517D73F04}.Release|Any CPU.Build.0 = Release|Any CPU
		{5838E454-E29F-4F2F-81FF-DF6B3B186607}.Debug|Any CPU.ActiveCfg = Debug|Any CPU
		{5838E454-E29F-4F2F-81FF-DF6B3B186607}.Debug|Any CPU.Build.0 = Debug|Any CPU
		{5838E454-E29F-4F2F-81FF-DF6B3B186607}.Release|Any CPU.ActiveCfg = Release|Any CPU
		{5838E454-E29F-4F2F-81FF-DF6B3B186607}.Release|Any CPU.Build.0 = Release|Any CPU
		{1FB84FEE-7AEC-49CB-A0EB-5E05ACB2918A}.Debug|Any CPU.ActiveCfg = Debug|Any CPU
		{1FB84FEE-7AEC-49CB-A0EB-5E05ACB2918A}.Debug|Any CPU.Build.0 = Debug|Any CPU
		{1FB84FEE-7AEC-49CB-A0EB-5E05ACB2918A}.Release|Any CPU.ActiveCfg = Release|Any CPU
		{1FB84FEE-7AEC-49CB-A0EB-5E05ACB2918A}.Release|Any CPU.Build.0 = Release|Any CPU
		{EF662A76-DCA9-43AE-A0A4-5466634045C4}.Debug|Any CPU.ActiveCfg = Debug|Any CPU
		{EF662A76-DCA9-43AE-A0A4-5466634045C4}.Debug|Any CPU.Build.0 = Debug|Any CPU
		{EF662A76-DCA9-43AE-A0A4-5466634045C4}.Release|Any CPU.ActiveCfg = Release|Any CPU
		{EF662A76-DCA9-43AE-A0A4-5466634045C4}.Release|Any CPU.Build.0 = Release|Any CPU
		{F877DE45-8230-4B9D-A52F-A8CC6120C6C4}.Debug|Any CPU.ActiveCfg = Debug|Any CPU
		{F877DE45-8230-4B9D-A52F-A8CC6120C6C4}.Debug|Any CPU.Build.0 = Debug|Any CPU
		{F877DE45-8230-4B9D-A52F-A8CC6120C6C4}.Release|Any CPU.ActiveCfg = Release|Any CPU
		{F877DE45-8230-4B9D-A52F-A8CC6120C6C4}.Release|Any CPU.Build.0 = Release|Any CPU
		{435CA102-448E-4FC0-9345-2DA3AFB59F00}.Debug|Any CPU.ActiveCfg = Debug|Any CPU
		{435CA102-448E-4FC0-9345-2DA3AFB59F00}.Debug|Any CPU.Build.0 = Debug|Any CPU
		{435CA102-448E-4FC0-9345-2DA3AFB59F00}.Release|Any CPU.ActiveCfg = Release|Any CPU
		{435CA102-448E-4FC0-9345-2DA3AFB59F00}.Release|Any CPU.Build.0 = Release|Any CPU
		{13B4AEB5-CC58-483D-83FC-86016D8EDB84}.Debug|Any CPU.ActiveCfg = Debug|Any CPU
		{13B4AEB5-CC58-483D-83FC-86016D8EDB84}.Debug|Any CPU.Build.0 = Debug|Any CPU
		{13B4AEB5-CC58-483D-83FC-86016D8EDB84}.Release|Any CPU.ActiveCfg = Release|Any CPU
		{13B4AEB5-CC58-483D-83FC-86016D8EDB84}.Release|Any CPU.Build.0 = Release|Any CPU
		{4D36F1CA-6476-4347-B355-03BCBC2F8F00}.Debug|Any CPU.ActiveCfg = Debug|Any CPU
		{4D36F1CA-6476-4347-B355-03BCBC2F8F00}.Debug|Any CPU.Build.0 = Debug|Any CPU
		{4D36F1CA-6476-4347-B355-03BCBC2F8F00}.Release|Any CPU.ActiveCfg = Release|Any CPU
		{4D36F1CA-6476-4347-B355-03BCBC2F8F00}.Release|Any CPU.Build.0 = Release|Any CPU
		{B2B164B1-B824-408F-8A14-FB249906AA06}.Debug|Any CPU.ActiveCfg = Debug|Any CPU
		{B2B164B1-B824-408F-8A14-FB249906AA06}.Debug|Any CPU.Build.0 = Debug|Any CPU
		{B2B164B1-B824-408F-8A14-FB249906AA06}.Release|Any CPU.ActiveCfg = Release|Any CPU
		{B2B164B1-B824-408F-8A14-FB249906AA06}.Release|Any CPU.Build.0 = Release|Any CPU
		{4AAD1F8B-9E82-4BDB-97F0-84265054676E}.Debug|Any CPU.ActiveCfg = Debug|Any CPU
		{4AAD1F8B-9E82-4BDB-97F0-84265054676E}.Debug|Any CPU.Build.0 = Debug|Any CPU
		{4AAD1F8B-9E82-4BDB-97F0-84265054676E}.Release|Any CPU.ActiveCfg = Release|Any CPU
		{4AAD1F8B-9E82-4BDB-97F0-84265054676E}.Release|Any CPU.Build.0 = Release|Any CPU
		{8C927510-25B6-4AA1-8481-337B2F061FE9}.Debug|Any CPU.ActiveCfg = Debug|Any CPU
		{8C927510-25B6-4AA1-8481-337B2F061FE9}.Debug|Any CPU.Build.0 = Debug|Any CPU
		{8C927510-25B6-4AA1-8481-337B2F061FE9}.Release|Any CPU.ActiveCfg = Release|Any CPU
		{8C927510-25B6-4AA1-8481-337B2F061FE9}.Release|Any CPU.Build.0 = Release|Any CPU
		{D2F34C09-58ED-403E-9C6D-BC0A69FAFF55}.Debug|Any CPU.ActiveCfg = Debug|Any CPU
		{D2F34C09-58ED-403E-9C6D-BC0A69FAFF55}.Debug|Any CPU.Build.0 = Debug|Any CPU
		{D2F34C09-58ED-403E-9C6D-BC0A69FAFF55}.Release|Any CPU.ActiveCfg = Release|Any CPU
		{D2F34C09-58ED-403E-9C6D-BC0A69FAFF55}.Release|Any CPU.Build.0 = Release|Any CPU
		{8881EA45-0309-4F8B-AA42-08BBFD7A35A0}.Debug|Any CPU.ActiveCfg = Debug|Any CPU
		{8881EA45-0309-4F8B-AA42-08BBFD7A35A0}.Debug|Any CPU.Build.0 = Debug|Any CPU
		{8881EA45-0309-4F8B-AA42-08BBFD7A35A0}.Release|Any CPU.ActiveCfg = Release|Any CPU
		{8881EA45-0309-4F8B-AA42-08BBFD7A35A0}.Release|Any CPU.Build.0 = Release|Any CPU
		{82847FB9-2EC5-40CE-B643-27B75BDA66A4}.Debug|Any CPU.ActiveCfg = Debug|Any CPU
		{82847FB9-2EC5-40CE-B643-27B75BDA66A4}.Debug|Any CPU.Build.0 = Debug|Any CPU
		{82847FB9-2EC5-40CE-B643-27B75BDA66A4}.Release|Any CPU.ActiveCfg = Release|Any CPU
		{82847FB9-2EC5-40CE-B643-27B75BDA66A4}.Release|Any CPU.Build.0 = Release|Any CPU
	EndGlobalSection
	GlobalSection(SolutionProperties) = preSolution
		HideSolutionNode = FALSE
	EndGlobalSection
	GlobalSection(NestedProjects) = preSolution
		{1A4BE30C-802F-4AB9-B75C-9B2354120A8F} = {9907A079-3A91-42AE-8798-695B10148989}
		{5A4C5ADC-13EA-43C4-9224-D5E3E41B67C3} = {B1A5920A-2C4F-4CA3-A2A2-052DB3387D1E}
		{66DE5CE8-3953-47E7-9FEE-8CD475601E21} = {850A43C4-8B62-4732-95F9-A769981A59E5}
		{97AF2FDC-2B33-4C62-905A-54E517D73F04} = {850A43C4-8B62-4732-95F9-A769981A59E5}
		{5838E454-E29F-4F2F-81FF-DF6B3B186607} = {8BCEFBEF-2CD7-495D-8752-C52AEA8C7434}
		{1FB84FEE-7AEC-49CB-A0EB-5E05ACB2918A} = {8BCEFBEF-2CD7-495D-8752-C52AEA8C7434}
		{EF662A76-DCA9-43AE-A0A4-5466634045C4} = {8BCEFBEF-2CD7-495D-8752-C52AEA8C7434}
		{8BCEFBEF-2CD7-495D-8752-C52AEA8C7434} = {850A43C4-8B62-4732-95F9-A769981A59E5}
		{F877DE45-8230-4B9D-A52F-A8CC6120C6C4} = {9907A079-3A91-42AE-8798-695B10148989}
		{435CA102-448E-4FC0-9345-2DA3AFB59F00} = {90DE1B67-4552-4D3C-9A18-DC2A20A9DE1D}
		{90DE1B67-4552-4D3C-9A18-DC2A20A9DE1D} = {850A43C4-8B62-4732-95F9-A769981A59E5}
		{13B4AEB5-CC58-483D-83FC-86016D8EDB84} = {90DE1B67-4552-4D3C-9A18-DC2A20A9DE1D}
		{4D36F1CA-6476-4347-B355-03BCBC2F8F00} = {90DE1B67-4552-4D3C-9A18-DC2A20A9DE1D}
		{B2B164B1-B824-408F-8A14-FB249906AA06} = {90DE1B67-4552-4D3C-9A18-DC2A20A9DE1D}
		{4AAD1F8B-9E82-4BDB-97F0-84265054676E} = {9907A079-3A91-42AE-8798-695B10148989}
		{8C927510-25B6-4AA1-8481-337B2F061FE9} = {850A43C4-8B62-4732-95F9-A769981A59E5}
		{9907A079-3A91-42AE-8798-695B10148989} = {850A43C4-8B62-4732-95F9-A769981A59E5}
		{D2F34C09-58ED-403E-9C6D-BC0A69FAFF55} = {8BCEFBEF-2CD7-495D-8752-C52AEA8C7434}
		{8881EA45-0309-4F8B-AA42-08BBFD7A35A0} = {90DE1B67-4552-4D3C-9A18-DC2A20A9DE1D}
		{82847FB9-2EC5-40CE-B643-27B75BDA66A4} = {850A43C4-8B62-4732-95F9-A769981A59E5}
	EndGlobalSection
	GlobalSection(ExtensibilityGlobals) = postSolution
		SolutionGuid = {36EA6FDA-5082-43F0-932E-8E204636C432}
	EndGlobalSection
EndGlobal
