
Microsoft Visual Studio Solution File, Format Version 12.00
# Visual Studio 14
VisualStudioVersion = 14.0.25420.1
MinimumVisualStudioVersion = 10.0.40219.1
Project("{2150E333-8FDC-42A3-9474-1A3956D46DE8}") = "src", "src", "{F87EFE7D-BD20-49C6-A6F2-C5D298F7D598}"
EndProject
Project("{2150E333-8FDC-42A3-9474-1A3956D46DE8}") = "Solution Items", "Solution Items", "{B1BC4FB2-8640-434D-AC0A-C6EA36919026}"
	ProjectSection(SolutionItems) = preProject
		global.json = global.json
	EndProjectSection
EndProject
Project("{8BB2217D-0F2D-49D1-97BC-3654ED321F3B}") = "RabbitCloud.Abstractions", "src\RabbitCloud.Abstractions\RabbitCloud.Abstractions.xproj", "{FEEE208F-3358-4183-BE40-77D81F8DB7FB}"
EndProject
Project("{2150E333-8FDC-42A3-9474-1A3956D46DE8}") = "test", "test", "{8F2A44EB-AE27-4E8C-B176-F327F372B9E6}"
EndProject
Project("{8BB2217D-0F2D-49D1-97BC-3654ED321F3B}") = "ConsoleApp", "src\ConsoleApp\ConsoleApp.xproj", "{B967467A-2EDD-429D-9D13-1DED4E8D24E9}"
EndProject
Project("{8BB2217D-0F2D-49D1-97BC-3654ED321F3B}") = "RabbitCloud.Abstractions.Test", "test\RabbitCloud.Abstractions.Test\RabbitCloud.Abstractions.Test.xproj", "{1FE2006C-0546-4E7B-8B6B-3B4ADE385795}"
EndProject
Project("{2150E333-8FDC-42A3-9474-1A3956D46DE8}") = "rpc", "rpc", "{51BCFAE0-950F-429D-8FFD-1E99555756F0}"
EndProject
Project("{8BB2217D-0F2D-49D1-97BC-3654ED321F3B}") = "RabbitCloud.Rpc.Abstractions", "src\rpc\RabbitCloud.Rpc.Abstractions\RabbitCloud.Rpc.Abstractions.xproj", "{E15C015C-F0D8-4BEC-ACA5-16E44DD13A2A}"
EndProject
Project("{8BB2217D-0F2D-49D1-97BC-3654ED321F3B}") = "RabbitCloud.Rpc.Default", "src\rpc\RabbitCloud.Rpc.Default\RabbitCloud.Rpc.Default.xproj", "{4A17B1E5-5785-4FAB-B011-1E9424BC427A}"
EndProject
Project("{2150E333-8FDC-42A3-9474-1A3956D46DE8}") = "registry", "registry", "{E4689FEF-B424-46C2-8A12-314D11D72992}"
EndProject
Project("{8BB2217D-0F2D-49D1-97BC-3654ED321F3B}") = "RabbitCloud.Registry.Abstractions", "src\registry\RabbitCloud.Registry.Abstractions\RabbitCloud.Registry.Abstractions.xproj", "{36AB27A2-96CC-48AF-8B93-6BAB991C9473}"
EndProject
Project("{8BB2217D-0F2D-49D1-97BC-3654ED321F3B}") = "RabbitCloud.Registry.ZooKeeper", "src\registry\RabbitCloud.Registry.ZooKeeper\RabbitCloud.Registry.ZooKeeper.xproj", "{6DAE944C-741D-49C3-90CA-69C51210DF81}"
EndProject
Project("{8BB2217D-0F2D-49D1-97BC-3654ED321F3B}") = "RabbitCloud.Registry.Redis", "src\registry\RabbitCloud.Registry.Redis\RabbitCloud.Registry.Redis.xproj", "{248CC127-EAAC-47D3-A24E-9EE6CC167AC5}"
EndProject
Global
	GlobalSection(SolutionConfigurationPlatforms) = preSolution
		Debug|Any CPU = Debug|Any CPU
		Release|Any CPU = Release|Any CPU
	EndGlobalSection
	GlobalSection(ProjectConfigurationPlatforms) = postSolution
		{FEEE208F-3358-4183-BE40-77D81F8DB7FB}.Debug|Any CPU.ActiveCfg = Debug|Any CPU
		{FEEE208F-3358-4183-BE40-77D81F8DB7FB}.Debug|Any CPU.Build.0 = Debug|Any CPU
		{FEEE208F-3358-4183-BE40-77D81F8DB7FB}.Release|Any CPU.ActiveCfg = Release|Any CPU
		{FEEE208F-3358-4183-BE40-77D81F8DB7FB}.Release|Any CPU.Build.0 = Release|Any CPU
		{B967467A-2EDD-429D-9D13-1DED4E8D24E9}.Debug|Any CPU.ActiveCfg = Debug|Any CPU
		{B967467A-2EDD-429D-9D13-1DED4E8D24E9}.Debug|Any CPU.Build.0 = Debug|Any CPU
		{B967467A-2EDD-429D-9D13-1DED4E8D24E9}.Release|Any CPU.ActiveCfg = Release|Any CPU
		{B967467A-2EDD-429D-9D13-1DED4E8D24E9}.Release|Any CPU.Build.0 = Release|Any CPU
		{1FE2006C-0546-4E7B-8B6B-3B4ADE385795}.Debug|Any CPU.ActiveCfg = Debug|Any CPU
		{1FE2006C-0546-4E7B-8B6B-3B4ADE385795}.Debug|Any CPU.Build.0 = Debug|Any CPU
		{1FE2006C-0546-4E7B-8B6B-3B4ADE385795}.Release|Any CPU.ActiveCfg = Release|Any CPU
		{1FE2006C-0546-4E7B-8B6B-3B4ADE385795}.Release|Any CPU.Build.0 = Release|Any CPU
		{E15C015C-F0D8-4BEC-ACA5-16E44DD13A2A}.Debug|Any CPU.ActiveCfg = Debug|Any CPU
		{E15C015C-F0D8-4BEC-ACA5-16E44DD13A2A}.Debug|Any CPU.Build.0 = Debug|Any CPU
		{E15C015C-F0D8-4BEC-ACA5-16E44DD13A2A}.Release|Any CPU.ActiveCfg = Release|Any CPU
		{E15C015C-F0D8-4BEC-ACA5-16E44DD13A2A}.Release|Any CPU.Build.0 = Release|Any CPU
		{4A17B1E5-5785-4FAB-B011-1E9424BC427A}.Debug|Any CPU.ActiveCfg = Debug|Any CPU
		{4A17B1E5-5785-4FAB-B011-1E9424BC427A}.Debug|Any CPU.Build.0 = Debug|Any CPU
		{4A17B1E5-5785-4FAB-B011-1E9424BC427A}.Release|Any CPU.ActiveCfg = Release|Any CPU
		{4A17B1E5-5785-4FAB-B011-1E9424BC427A}.Release|Any CPU.Build.0 = Release|Any CPU
		{36AB27A2-96CC-48AF-8B93-6BAB991C9473}.Debug|Any CPU.ActiveCfg = Debug|Any CPU
		{36AB27A2-96CC-48AF-8B93-6BAB991C9473}.Debug|Any CPU.Build.0 = Debug|Any CPU
		{36AB27A2-96CC-48AF-8B93-6BAB991C9473}.Release|Any CPU.ActiveCfg = Release|Any CPU
		{36AB27A2-96CC-48AF-8B93-6BAB991C9473}.Release|Any CPU.Build.0 = Release|Any CPU
		{6DAE944C-741D-49C3-90CA-69C51210DF81}.Debug|Any CPU.ActiveCfg = Debug|Any CPU
		{6DAE944C-741D-49C3-90CA-69C51210DF81}.Debug|Any CPU.Build.0 = Debug|Any CPU
		{6DAE944C-741D-49C3-90CA-69C51210DF81}.Release|Any CPU.ActiveCfg = Release|Any CPU
		{6DAE944C-741D-49C3-90CA-69C51210DF81}.Release|Any CPU.Build.0 = Release|Any CPU
		{248CC127-EAAC-47D3-A24E-9EE6CC167AC5}.Debug|Any CPU.ActiveCfg = Debug|Any CPU
		{248CC127-EAAC-47D3-A24E-9EE6CC167AC5}.Debug|Any CPU.Build.0 = Debug|Any CPU
		{248CC127-EAAC-47D3-A24E-9EE6CC167AC5}.Release|Any CPU.ActiveCfg = Release|Any CPU
		{248CC127-EAAC-47D3-A24E-9EE6CC167AC5}.Release|Any CPU.Build.0 = Release|Any CPU
	EndGlobalSection
	GlobalSection(SolutionProperties) = preSolution
		HideSolutionNode = FALSE
	EndGlobalSection
	GlobalSection(NestedProjects) = preSolution
		{FEEE208F-3358-4183-BE40-77D81F8DB7FB} = {F87EFE7D-BD20-49C6-A6F2-C5D298F7D598}
		{B967467A-2EDD-429D-9D13-1DED4E8D24E9} = {F87EFE7D-BD20-49C6-A6F2-C5D298F7D598}
		{1FE2006C-0546-4E7B-8B6B-3B4ADE385795} = {8F2A44EB-AE27-4E8C-B176-F327F372B9E6}
		{51BCFAE0-950F-429D-8FFD-1E99555756F0} = {F87EFE7D-BD20-49C6-A6F2-C5D298F7D598}
		{E15C015C-F0D8-4BEC-ACA5-16E44DD13A2A} = {51BCFAE0-950F-429D-8FFD-1E99555756F0}
		{4A17B1E5-5785-4FAB-B011-1E9424BC427A} = {51BCFAE0-950F-429D-8FFD-1E99555756F0}
		{E4689FEF-B424-46C2-8A12-314D11D72992} = {F87EFE7D-BD20-49C6-A6F2-C5D298F7D598}
		{36AB27A2-96CC-48AF-8B93-6BAB991C9473} = {E4689FEF-B424-46C2-8A12-314D11D72992}
		{6DAE944C-741D-49C3-90CA-69C51210DF81} = {E4689FEF-B424-46C2-8A12-314D11D72992}
		{248CC127-EAAC-47D3-A24E-9EE6CC167AC5} = {E4689FEF-B424-46C2-8A12-314D11D72992}
	EndGlobalSection
EndGlobal
