
Microsoft Visual Studio Solution File, Format Version 12.00
# Visual Studio 15
VisualStudioVersion = 15.0.26206.0
MinimumVisualStudioVersion = 10.0.40219.1
Project("{2150E333-8FDC-42A3-9474-1A3956D46DE8}") = "src", "src", "{3234A92D-1575-464E-8C29-4EA29FF8EBF4}"
EndProject
Project("{2150E333-8FDC-42A3-9474-1A3956D46DE8}") = "extensions", "extensions", "{E36A234C-5C31-4478-8798-60D7946F129D}"
EndProject
Project("{2150E333-8FDC-42A3-9474-1A3956D46DE8}") = "transports", "transports", "{678AB1D7-4A8E-457C-848C-68E2A3A11B41}"
EndProject
Project("{2150E333-8FDC-42A3-9474-1A3956D46DE8}") = "examples", "examples", "{5986BC1C-1B7F-4266-9F40-5C2FDDFE35AE}"
EndProject
Project("{2150E333-8FDC-42A3-9474-1A3956D46DE8}") = "codecs", "codecs", "{AA8494CA-CE39-4F1A-9034-A89554CD6AFF}"
EndProject
Project("{2150E333-8FDC-42A3-9474-1A3956D46DE8}") = "coordinates", "coordinates", "{38C5EBBE-B5CB-4F57-81D4-88BD8B1FEFE0}"
EndProject
Project("{2150E333-8FDC-42A3-9474-1A3956D46DE8}") = "tools", "tools", "{639C7666-7172-4D2F-92BC-04B29529101B}"
EndProject
Project("{2150E333-8FDC-42A3-9474-1A3956D46DE8}") = "tests", "tests", "{0E82C06D-56BA-47EB-8374-1A0351B31A30}"
EndProject
Project("{2150E333-8FDC-42A3-9474-1A3956D46DE8}") = "performances", "performances", "{564D041F-7335-478D-8B97-59C75B69E770}"
EndProject
Project("{2150E333-8FDC-42A3-9474-1A3956D46DE8}") = "NetCoreApp", "NetCoreApp", "{7CE7798C-5BB4-4680-975A-6D13DE782690}"
EndProject
Project("{2150E333-8FDC-42A3-9474-1A3956D46DE8}") = "Net", "Net", "{5BF47E16-B6D0-4D9C-A576-F91109C0B1F1}"
EndProject
Project("{9A19103F-16F7-4668-BE54-9A1E7A4F7556}") = "Rabbit.Rpc", "src\Rabbit.Rpc\Rabbit.Rpc.csproj", "{81911EDF-5E21-4AC8-882A-7219696B9415}"
EndProject
Project("{9A19103F-16F7-4668-BE54-9A1E7A4F7556}") = "Rabbit.Rpc.ProxyGenerator", "src\Rabbit.Rpc.ProxyGenerator\Rabbit.Rpc.ProxyGenerator.csproj", "{5105CB2C-5BFA-4106-84E9-F1101323C560}"
EndProject
Project("{9A19103F-16F7-4668-BE54-9A1E7A4F7556}") = "Rabbit.Transport.DotNetty", "src\extensions\transports\Rabbit.Transport.DotNetty\Rabbit.Transport.DotNetty.csproj", "{D906803F-F09D-436E-9A95-37DB9AAC1F13}"
EndProject
Project("{9A19103F-16F7-4668-BE54-9A1E7A4F7556}") = "Echo.Common", "src\examples\Echo.Common\Echo.Common.csproj", "{C4C4E466-AA51-4514-B0C0-DF1D172DA6E7}"
EndProject
Project("{9A19103F-16F7-4668-BE54-9A1E7A4F7556}") = "Echo.Client", "src\examples\Echo.Client\Echo.Client.csproj", "{DE8052E6-7CDF-48A0-B06D-5E645A3581AA}"
EndProject
Project("{9A19103F-16F7-4668-BE54-9A1E7A4F7556}") = "Echo.Server", "src\examples\Echo.Server\Echo.Server.csproj", "{E5D680F5-D85F-4BF0-B7A9-B3F7D5CECB46}"
EndProject
Project("{9A19103F-16F7-4668-BE54-9A1E7A4F7556}") = "Rabbit.Rpc.Codec.ProtoBuffer", "src\extensions\codecs\Rabbit.Rpc.Codec.ProtoBuffer\Rabbit.Rpc.Codec.ProtoBuffer.csproj", "{1467CDFA-20E4-4510-9D6B-FD2425ADD51B}"
EndProject
Project("{9A19103F-16F7-4668-BE54-9A1E7A4F7556}") = "Rabbit.Rpc.Coordinate.Zookeeper", "src\extensions\coordinates\Rabbit.Rpc.Coordinate.Zookeeper\Rabbit.Rpc.Coordinate.Zookeeper.csproj", "{A7126F11-F0C3-4AE0-A62D-8BD9E1F3399F}"
EndProject
Project("{9A19103F-16F7-4668-BE54-9A1E7A4F7556}") = "Rabbit.Rpc.ClientGenerator", "src\tools\Rabbit.Rpc.ClientGenerator\Rabbit.Rpc.ClientGenerator.csproj", "{DD3E4F3A-DCD2-480C-B9F0-954AE53A37EA}"
EndProject
Project("{9A19103F-16F7-4668-BE54-9A1E7A4F7556}") = "Rabbit.Rpc.Tests", "src\tests\Rabbit.Rpc.Tests\Rabbit.Rpc.Tests.csproj", "{0AD2A7DC-819D-4F74-BB61-3A973F5E4E01}"
EndProject
Project("{9A19103F-16F7-4668-BE54-9A1E7A4F7556}") = "Performances.NetCoreApp.Server", "src\examples\performances\Performances.NetCoreApp.Server\Performances.NetCoreApp.Server.csproj", "{BF33777D-E3DC-4296-A73D-9716A81B61A4}"
EndProject
Project("{9A19103F-16F7-4668-BE54-9A1E7A4F7556}") = "Performances.NetCoreApp.Client", "src\examples\performances\Performances.NetCoreApp.Client\Performances.NetCoreApp.Client.csproj", "{0657FBBF-0E18-4451-AB4E-6DCB6156F2BC}"
EndProject
Project("{9A19103F-16F7-4668-BE54-9A1E7A4F7556}") = "Performances.Net.Server", "src\examples\performances\Performances.Net.Server\Performances.Net.Server.csproj", "{C5D5EC50-2C75-437E-A019-672442F89362}"
EndProject
Project("{9A19103F-16F7-4668-BE54-9A1E7A4F7556}") = "Performances.Net.Client", "src\examples\performances\Performances.Net.Client\Performances.Net.Client.csproj", "{9F43167B-C87A-4B94-8A0F-CAE853B89619}"
EndProject
Global
	GlobalSection(SolutionConfigurationPlatforms) = preSolution
		Debug|Any CPU = Debug|Any CPU
		Release|Any CPU = Release|Any CPU
	EndGlobalSection
	GlobalSection(ProjectConfigurationPlatforms) = postSolution
		{81911EDF-5E21-4AC8-882A-7219696B9415}.Debug|Any CPU.ActiveCfg = Debug|Any CPU
		{81911EDF-5E21-4AC8-882A-7219696B9415}.Debug|Any CPU.Build.0 = Debug|Any CPU
		{81911EDF-5E21-4AC8-882A-7219696B9415}.Release|Any CPU.ActiveCfg = Release|Any CPU
		{81911EDF-5E21-4AC8-882A-7219696B9415}.Release|Any CPU.Build.0 = Release|Any CPU
		{5105CB2C-5BFA-4106-84E9-F1101323C560}.Debug|Any CPU.ActiveCfg = Debug|Any CPU
		{5105CB2C-5BFA-4106-84E9-F1101323C560}.Debug|Any CPU.Build.0 = Debug|Any CPU
		{5105CB2C-5BFA-4106-84E9-F1101323C560}.Release|Any CPU.ActiveCfg = Release|Any CPU
		{5105CB2C-5BFA-4106-84E9-F1101323C560}.Release|Any CPU.Build.0 = Release|Any CPU
		{D906803F-F09D-436E-9A95-37DB9AAC1F13}.Debug|Any CPU.ActiveCfg = Debug|Any CPU
		{D906803F-F09D-436E-9A95-37DB9AAC1F13}.Debug|Any CPU.Build.0 = Debug|Any CPU
		{D906803F-F09D-436E-9A95-37DB9AAC1F13}.Release|Any CPU.ActiveCfg = Release|Any CPU
		{D906803F-F09D-436E-9A95-37DB9AAC1F13}.Release|Any CPU.Build.0 = Release|Any CPU
		{C4C4E466-AA51-4514-B0C0-DF1D172DA6E7}.Debug|Any CPU.ActiveCfg = Debug|Any CPU
		{C4C4E466-AA51-4514-B0C0-DF1D172DA6E7}.Debug|Any CPU.Build.0 = Debug|Any CPU
		{C4C4E466-AA51-4514-B0C0-DF1D172DA6E7}.Release|Any CPU.ActiveCfg = Release|Any CPU
		{C4C4E466-AA51-4514-B0C0-DF1D172DA6E7}.Release|Any CPU.Build.0 = Release|Any CPU
		{DE8052E6-7CDF-48A0-B06D-5E645A3581AA}.Debug|Any CPU.ActiveCfg = Debug|Any CPU
		{DE8052E6-7CDF-48A0-B06D-5E645A3581AA}.Debug|Any CPU.Build.0 = Debug|Any CPU
		{DE8052E6-7CDF-48A0-B06D-5E645A3581AA}.Release|Any CPU.ActiveCfg = Release|Any CPU
		{DE8052E6-7CDF-48A0-B06D-5E645A3581AA}.Release|Any CPU.Build.0 = Release|Any CPU
		{E5D680F5-D85F-4BF0-B7A9-B3F7D5CECB46}.Debug|Any CPU.ActiveCfg = Debug|Any CPU
		{E5D680F5-D85F-4BF0-B7A9-B3F7D5CECB46}.Debug|Any CPU.Build.0 = Debug|Any CPU
		{E5D680F5-D85F-4BF0-B7A9-B3F7D5CECB46}.Release|Any CPU.ActiveCfg = Release|Any CPU
		{E5D680F5-D85F-4BF0-B7A9-B3F7D5CECB46}.Release|Any CPU.Build.0 = Release|Any CPU
		{1467CDFA-20E4-4510-9D6B-FD2425ADD51B}.Debug|Any CPU.ActiveCfg = Debug|Any CPU
		{1467CDFA-20E4-4510-9D6B-FD2425ADD51B}.Debug|Any CPU.Build.0 = Debug|Any CPU
		{1467CDFA-20E4-4510-9D6B-FD2425ADD51B}.Release|Any CPU.ActiveCfg = Release|Any CPU
		{1467CDFA-20E4-4510-9D6B-FD2425ADD51B}.Release|Any CPU.Build.0 = Release|Any CPU
		{A7126F11-F0C3-4AE0-A62D-8BD9E1F3399F}.Debug|Any CPU.ActiveCfg = Debug|Any CPU
		{A7126F11-F0C3-4AE0-A62D-8BD9E1F3399F}.Debug|Any CPU.Build.0 = Debug|Any CPU
		{A7126F11-F0C3-4AE0-A62D-8BD9E1F3399F}.Release|Any CPU.ActiveCfg = Release|Any CPU
		{A7126F11-F0C3-4AE0-A62D-8BD9E1F3399F}.Release|Any CPU.Build.0 = Release|Any CPU
		{DD3E4F3A-DCD2-480C-B9F0-954AE53A37EA}.Debug|Any CPU.ActiveCfg = Debug|Any CPU
		{DD3E4F3A-DCD2-480C-B9F0-954AE53A37EA}.Debug|Any CPU.Build.0 = Debug|Any CPU
		{DD3E4F3A-DCD2-480C-B9F0-954AE53A37EA}.Release|Any CPU.ActiveCfg = Release|Any CPU
		{DD3E4F3A-DCD2-480C-B9F0-954AE53A37EA}.Release|Any CPU.Build.0 = Release|Any CPU
		{0AD2A7DC-819D-4F74-BB61-3A973F5E4E01}.Debug|Any CPU.ActiveCfg = Debug|Any CPU
		{0AD2A7DC-819D-4F74-BB61-3A973F5E4E01}.Debug|Any CPU.Build.0 = Debug|Any CPU
		{0AD2A7DC-819D-4F74-BB61-3A973F5E4E01}.Release|Any CPU.ActiveCfg = Release|Any CPU
		{0AD2A7DC-819D-4F74-BB61-3A973F5E4E01}.Release|Any CPU.Build.0 = Release|Any CPU
		{BF33777D-E3DC-4296-A73D-9716A81B61A4}.Debug|Any CPU.ActiveCfg = Debug|Any CPU
		{BF33777D-E3DC-4296-A73D-9716A81B61A4}.Debug|Any CPU.Build.0 = Debug|Any CPU
		{BF33777D-E3DC-4296-A73D-9716A81B61A4}.Release|Any CPU.ActiveCfg = Release|Any CPU
		{BF33777D-E3DC-4296-A73D-9716A81B61A4}.Release|Any CPU.Build.0 = Release|Any CPU
		{0657FBBF-0E18-4451-AB4E-6DCB6156F2BC}.Debug|Any CPU.ActiveCfg = Debug|Any CPU
		{0657FBBF-0E18-4451-AB4E-6DCB6156F2BC}.Debug|Any CPU.Build.0 = Debug|Any CPU
		{0657FBBF-0E18-4451-AB4E-6DCB6156F2BC}.Release|Any CPU.ActiveCfg = Release|Any CPU
		{0657FBBF-0E18-4451-AB4E-6DCB6156F2BC}.Release|Any CPU.Build.0 = Release|Any CPU
		{C5D5EC50-2C75-437E-A019-672442F89362}.Debug|Any CPU.ActiveCfg = Debug|Any CPU
		{C5D5EC50-2C75-437E-A019-672442F89362}.Debug|Any CPU.Build.0 = Debug|Any CPU
		{C5D5EC50-2C75-437E-A019-672442F89362}.Release|Any CPU.ActiveCfg = Release|Any CPU
		{C5D5EC50-2C75-437E-A019-672442F89362}.Release|Any CPU.Build.0 = Release|Any CPU
		{9F43167B-C87A-4B94-8A0F-CAE853B89619}.Debug|Any CPU.ActiveCfg = Debug|Any CPU
		{9F43167B-C87A-4B94-8A0F-CAE853B89619}.Debug|Any CPU.Build.0 = Debug|Any CPU
		{9F43167B-C87A-4B94-8A0F-CAE853B89619}.Release|Any CPU.ActiveCfg = Release|Any CPU
		{9F43167B-C87A-4B94-8A0F-CAE853B89619}.Release|Any CPU.Build.0 = Release|Any CPU
	EndGlobalSection
	GlobalSection(SolutionProperties) = preSolution
		HideSolutionNode = FALSE
	EndGlobalSection
	GlobalSection(NestedProjects) = preSolution
		{E36A234C-5C31-4478-8798-60D7946F129D} = {3234A92D-1575-464E-8C29-4EA29FF8EBF4}
		{678AB1D7-4A8E-457C-848C-68E2A3A11B41} = {E36A234C-5C31-4478-8798-60D7946F129D}
		{5986BC1C-1B7F-4266-9F40-5C2FDDFE35AE} = {3234A92D-1575-464E-8C29-4EA29FF8EBF4}
		{AA8494CA-CE39-4F1A-9034-A89554CD6AFF} = {E36A234C-5C31-4478-8798-60D7946F129D}
		{38C5EBBE-B5CB-4F57-81D4-88BD8B1FEFE0} = {E36A234C-5C31-4478-8798-60D7946F129D}
		{639C7666-7172-4D2F-92BC-04B29529101B} = {3234A92D-1575-464E-8C29-4EA29FF8EBF4}
		{0E82C06D-56BA-47EB-8374-1A0351B31A30} = {3234A92D-1575-464E-8C29-4EA29FF8EBF4}
		{564D041F-7335-478D-8B97-59C75B69E770} = {5986BC1C-1B7F-4266-9F40-5C2FDDFE35AE}
		{7CE7798C-5BB4-4680-975A-6D13DE782690} = {564D041F-7335-478D-8B97-59C75B69E770}
		{5BF47E16-B6D0-4D9C-A576-F91109C0B1F1} = {564D041F-7335-478D-8B97-59C75B69E770}
		{81911EDF-5E21-4AC8-882A-7219696B9415} = {3234A92D-1575-464E-8C29-4EA29FF8EBF4}
		{5105CB2C-5BFA-4106-84E9-F1101323C560} = {3234A92D-1575-464E-8C29-4EA29FF8EBF4}
		{D906803F-F09D-436E-9A95-37DB9AAC1F13} = {678AB1D7-4A8E-457C-848C-68E2A3A11B41}
		{C4C4E466-AA51-4514-B0C0-DF1D172DA6E7} = {5986BC1C-1B7F-4266-9F40-5C2FDDFE35AE}
		{DE8052E6-7CDF-48A0-B06D-5E645A3581AA} = {5986BC1C-1B7F-4266-9F40-5C2FDDFE35AE}
		{E5D680F5-D85F-4BF0-B7A9-B3F7D5CECB46} = {5986BC1C-1B7F-4266-9F40-5C2FDDFE35AE}
		{1467CDFA-20E4-4510-9D6B-FD2425ADD51B} = {AA8494CA-CE39-4F1A-9034-A89554CD6AFF}
		{A7126F11-F0C3-4AE0-A62D-8BD9E1F3399F} = {38C5EBBE-B5CB-4F57-81D4-88BD8B1FEFE0}
		{DD3E4F3A-DCD2-480C-B9F0-954AE53A37EA} = {639C7666-7172-4D2F-92BC-04B29529101B}
		{0AD2A7DC-819D-4F74-BB61-3A973F5E4E01} = {0E82C06D-56BA-47EB-8374-1A0351B31A30}
		{BF33777D-E3DC-4296-A73D-9716A81B61A4} = {7CE7798C-5BB4-4680-975A-6D13DE782690}
		{0657FBBF-0E18-4451-AB4E-6DCB6156F2BC} = {7CE7798C-5BB4-4680-975A-6D13DE782690}
		{C5D5EC50-2C75-437E-A019-672442F89362} = {5BF47E16-B6D0-4D9C-A576-F91109C0B1F1}
		{9F43167B-C87A-4B94-8A0F-CAE853B89619} = {5BF47E16-B6D0-4D9C-A576-F91109C0B1F1}
	EndGlobalSection
EndGlobal
