
Microsoft Visual Studio Solution File, Format Version 12.00
# Visual Studio 14
VisualStudioVersion = 14.0.25123.0
MinimumVisualStudioVersion = 10.0.40219.1
Project("{FAE04EC0-301F-11D3-BF4B-00C04F79EFBC}") = "Rabbit.Rpc", "Rabbit.Rpc\Rabbit.Rpc.csproj", "{CEF91C5E-7986-4C78-AFE5-656917448300}"
EndProject
Project("{2150E333-8FDC-42A3-9474-1A3956D46DE8}") = "examples", "examples", "{EEEED7F8-D610-4124-A59F-E752344922D9}"
EndProject
Project("{FAE04EC0-301F-11D3-BF4B-00C04F79EFBC}") = "Echo.Client", "examples\Echo.Client\Echo.Client.csproj", "{A8A5744D-13EF-40A9-9146-E54CA8E41207}"
EndProject
Project("{FAE04EC0-301F-11D3-BF4B-00C04F79EFBC}") = "Echo.Server", "examples\Echo.Server\Echo.Server.csproj", "{2C21B853-36AE-4D13-BF46-15B7990E06BA}"
EndProject
Project("{FAE04EC0-301F-11D3-BF4B-00C04F79EFBC}") = "Rabbit.Rpc.ProxyGenerator", "Rabbit.Rpc.ProxyGenerator\Rabbit.Rpc.ProxyGenerator.csproj", "{30E88903-D3CA-4F26-B586-159242840443}"
EndProject
Project("{FAE04EC0-301F-11D3-BF4B-00C04F79EFBC}") = "Echo.Common", "examples\Echo.Common\Echo.Common.csproj", "{9A07C973-A2CA-4E24-9F9E-080756C442A3}"
EndProject
Project("{2150E333-8FDC-42A3-9474-1A3956D46DE8}") = "tools", "tools", "{B86FDAE1-369F-42BE-B5D7-B37F19B0D508}"
EndProject
Project("{FAE04EC0-301F-11D3-BF4B-00C04F79EFBC}") = "Rabbit.Rpc.ClientGenerator", "tools\Rabbit.Rpc.ClientGenerator\Rabbit.Rpc.ClientGenerator.csproj", "{0C514CF9-E910-43E3-9BCB-7F54E3A6C6A9}"
EndProject
Project("{2150E333-8FDC-42A3-9474-1A3956D46DE8}") = "extensions", "extensions", "{DD9931BD-AAAD-423A-8AC8-94ECB06D8828}"
EndProject
Project("{2150E333-8FDC-42A3-9474-1A3956D46DE8}") = "coordinates", "coordinates", "{12DE8D05-3319-4D1F-8CB6-C796A592C2CB}"
EndProject
Project("{FAE04EC0-301F-11D3-BF4B-00C04F79EFBC}") = "Rabbit.Rpc.Coordinate.Zookeeper", "extensions\coordinates\Rabbit.Rpc.Coordinate.Zookeeper\Rabbit.Rpc.Coordinate.Zookeeper.csproj", "{21BDBE34-EA86-498B-825D-3D2BD79E2A70}"
EndProject
Project("{2150E333-8FDC-42A3-9474-1A3956D46DE8}") = "tests", "tests", "{013F8D49-C672-4CAD-8DFC-A8BDB0899E81}"
EndProject
Project("{FAE04EC0-301F-11D3-BF4B-00C04F79EFBC}") = "Rabbit.Rpc.Tests", "tests\Rabbit.Rpc.Tests\Rabbit.Rpc.Tests.csproj", "{A7BD6D14-A78A-4356-8166-1ECB88DDF69A}"
EndProject
Project("{2150E333-8FDC-42A3-9474-1A3956D46DE8}") = "transports", "transports", "{60FBAB8C-4AC3-43CE-8F65-EE6450E45CB1}"
EndProject
Project("{FAE04EC0-301F-11D3-BF4B-00C04F79EFBC}") = "Rabbit.Transport.DotNetty", "extensions\transports\Rabbit.Transport.DotNetty\Rabbit.Transport.DotNetty.csproj", "{B1ABB1AB-0163-4059-A8DE-219B003D9226}"
EndProject
Project("{2150E333-8FDC-42A3-9474-1A3956D46DE8}") = "codecs", "codecs", "{C6D75A9A-EFDF-4265-8ED1-EDD6C501CCED}"
EndProject
Project("{FAE04EC0-301F-11D3-BF4B-00C04F79EFBC}") = "Rabbit.Rpc.Codec.ProtoBuffer", "extensions\codecs\Rabbit.Rpc.Codec.ProtoBuffer\Rabbit.Rpc.Codec.ProtoBuffer.csproj", "{99A64337-0C1B-4B8A-8BB5-367AB6DA8A75}"
EndProject
Global
	GlobalSection(SolutionConfigurationPlatforms) = preSolution
		Debug|Any CPU = Debug|Any CPU
		Release|Any CPU = Release|Any CPU
	EndGlobalSection
	GlobalSection(ProjectConfigurationPlatforms) = postSolution
		{CEF91C5E-7986-4C78-AFE5-656917448300}.Debug|Any CPU.ActiveCfg = Debug|Any CPU
		{CEF91C5E-7986-4C78-AFE5-656917448300}.Debug|Any CPU.Build.0 = Debug|Any CPU
		{CEF91C5E-7986-4C78-AFE5-656917448300}.Release|Any CPU.ActiveCfg = Release|Any CPU
		{CEF91C5E-7986-4C78-AFE5-656917448300}.Release|Any CPU.Build.0 = Release|Any CPU
		{A8A5744D-13EF-40A9-9146-E54CA8E41207}.Debug|Any CPU.ActiveCfg = Debug|Any CPU
		{A8A5744D-13EF-40A9-9146-E54CA8E41207}.Debug|Any CPU.Build.0 = Debug|Any CPU
		{A8A5744D-13EF-40A9-9146-E54CA8E41207}.Release|Any CPU.ActiveCfg = Release|Any CPU
		{A8A5744D-13EF-40A9-9146-E54CA8E41207}.Release|Any CPU.Build.0 = Release|Any CPU
		{2C21B853-36AE-4D13-BF46-15B7990E06BA}.Debug|Any CPU.ActiveCfg = Debug|Any CPU
		{2C21B853-36AE-4D13-BF46-15B7990E06BA}.Debug|Any CPU.Build.0 = Debug|Any CPU
		{2C21B853-36AE-4D13-BF46-15B7990E06BA}.Release|Any CPU.ActiveCfg = Release|Any CPU
		{2C21B853-36AE-4D13-BF46-15B7990E06BA}.Release|Any CPU.Build.0 = Release|Any CPU
		{30E88903-D3CA-4F26-B586-159242840443}.Debug|Any CPU.ActiveCfg = Debug|Any CPU
		{30E88903-D3CA-4F26-B586-159242840443}.Debug|Any CPU.Build.0 = Debug|Any CPU
		{30E88903-D3CA-4F26-B586-159242840443}.Release|Any CPU.ActiveCfg = Release|Any CPU
		{30E88903-D3CA-4F26-B586-159242840443}.Release|Any CPU.Build.0 = Release|Any CPU
		{9A07C973-A2CA-4E24-9F9E-080756C442A3}.Debug|Any CPU.ActiveCfg = Debug|Any CPU
		{9A07C973-A2CA-4E24-9F9E-080756C442A3}.Debug|Any CPU.Build.0 = Debug|Any CPU
		{9A07C973-A2CA-4E24-9F9E-080756C442A3}.Release|Any CPU.ActiveCfg = Release|Any CPU
		{9A07C973-A2CA-4E24-9F9E-080756C442A3}.Release|Any CPU.Build.0 = Release|Any CPU
		{0C514CF9-E910-43E3-9BCB-7F54E3A6C6A9}.Debug|Any CPU.ActiveCfg = Debug|Any CPU
		{0C514CF9-E910-43E3-9BCB-7F54E3A6C6A9}.Debug|Any CPU.Build.0 = Debug|Any CPU
		{0C514CF9-E910-43E3-9BCB-7F54E3A6C6A9}.Release|Any CPU.ActiveCfg = Release|Any CPU
		{0C514CF9-E910-43E3-9BCB-7F54E3A6C6A9}.Release|Any CPU.Build.0 = Release|Any CPU
		{21BDBE34-EA86-498B-825D-3D2BD79E2A70}.Debug|Any CPU.ActiveCfg = Debug|Any CPU
		{21BDBE34-EA86-498B-825D-3D2BD79E2A70}.Debug|Any CPU.Build.0 = Debug|Any CPU
		{21BDBE34-EA86-498B-825D-3D2BD79E2A70}.Release|Any CPU.ActiveCfg = Release|Any CPU
		{21BDBE34-EA86-498B-825D-3D2BD79E2A70}.Release|Any CPU.Build.0 = Release|Any CPU
		{A7BD6D14-A78A-4356-8166-1ECB88DDF69A}.Debug|Any CPU.ActiveCfg = Debug|Any CPU
		{A7BD6D14-A78A-4356-8166-1ECB88DDF69A}.Debug|Any CPU.Build.0 = Debug|Any CPU
		{A7BD6D14-A78A-4356-8166-1ECB88DDF69A}.Release|Any CPU.ActiveCfg = Release|Any CPU
		{A7BD6D14-A78A-4356-8166-1ECB88DDF69A}.Release|Any CPU.Build.0 = Release|Any CPU
		{B1ABB1AB-0163-4059-A8DE-219B003D9226}.Debug|Any CPU.ActiveCfg = Debug|Any CPU
		{B1ABB1AB-0163-4059-A8DE-219B003D9226}.Debug|Any CPU.Build.0 = Debug|Any CPU
		{B1ABB1AB-0163-4059-A8DE-219B003D9226}.Release|Any CPU.ActiveCfg = Release|Any CPU
		{B1ABB1AB-0163-4059-A8DE-219B003D9226}.Release|Any CPU.Build.0 = Release|Any CPU
		{99A64337-0C1B-4B8A-8BB5-367AB6DA8A75}.Debug|Any CPU.ActiveCfg = Debug|Any CPU
		{99A64337-0C1B-4B8A-8BB5-367AB6DA8A75}.Debug|Any CPU.Build.0 = Debug|Any CPU
		{99A64337-0C1B-4B8A-8BB5-367AB6DA8A75}.Release|Any CPU.ActiveCfg = Release|Any CPU
		{99A64337-0C1B-4B8A-8BB5-367AB6DA8A75}.Release|Any CPU.Build.0 = Release|Any CPU
	EndGlobalSection
	GlobalSection(SolutionProperties) = preSolution
		HideSolutionNode = FALSE
	EndGlobalSection
	GlobalSection(NestedProjects) = preSolution
		{A8A5744D-13EF-40A9-9146-E54CA8E41207} = {EEEED7F8-D610-4124-A59F-E752344922D9}
		{2C21B853-36AE-4D13-BF46-15B7990E06BA} = {EEEED7F8-D610-4124-A59F-E752344922D9}
		{9A07C973-A2CA-4E24-9F9E-080756C442A3} = {EEEED7F8-D610-4124-A59F-E752344922D9}
		{0C514CF9-E910-43E3-9BCB-7F54E3A6C6A9} = {B86FDAE1-369F-42BE-B5D7-B37F19B0D508}
		{12DE8D05-3319-4D1F-8CB6-C796A592C2CB} = {DD9931BD-AAAD-423A-8AC8-94ECB06D8828}
		{21BDBE34-EA86-498B-825D-3D2BD79E2A70} = {12DE8D05-3319-4D1F-8CB6-C796A592C2CB}
		{A7BD6D14-A78A-4356-8166-1ECB88DDF69A} = {013F8D49-C672-4CAD-8DFC-A8BDB0899E81}
		{60FBAB8C-4AC3-43CE-8F65-EE6450E45CB1} = {DD9931BD-AAAD-423A-8AC8-94ECB06D8828}
		{B1ABB1AB-0163-4059-A8DE-219B003D9226} = {60FBAB8C-4AC3-43CE-8F65-EE6450E45CB1}
		{C6D75A9A-EFDF-4265-8ED1-EDD6C501CCED} = {DD9931BD-AAAD-423A-8AC8-94ECB06D8828}
		{99A64337-0C1B-4B8A-8BB5-367AB6DA8A75} = {C6D75A9A-EFDF-4265-8ED1-EDD6C501CCED}
	EndGlobalSection
EndGlobal
